// !$*UTF8*$!
{
	archiveVersion = 1;
	classes = {
	};
	objectVersion = 50;
	objects = {

/* Begin PBXBuildFile section */
		6A5D8B9522A1C422000C0925 /* AppDelegate.m in Sources */ = {isa = PBXBuildFile; fileRef = 6A5D8B9422A1C422000C0925 /* AppDelegate.m */; };
		6A5D8B9822A1C422000C0925 /* ViewController.m in Sources */ = {isa = PBXBuildFile; fileRef = 6A5D8B9722A1C422000C0925 /* ViewController.m */; };
		6A5D8B9D22A1C424000C0925 /* Assets.xcassets in Resources */ = {isa = PBXBuildFile; fileRef = 6A5D8B9C22A1C424000C0925 /* Assets.xcassets */; };
		6A5D8BA022A1C424000C0925 /* LaunchScreen.storyboard in Resources */ = {isa = PBXBuildFile; fileRef = 6A5D8B9E22A1C424000C0925 /* LaunchScreen.storyboard */; };
		6A5D8BA322A1C424000C0925 /* main.m in Sources */ = {isa = PBXBuildFile; fileRef = 6A5D8BA222A1C424000C0925 /* main.m */; };
		6A5D8BAC22A1D1A5000C0925 /* SecondViewController.xib in Resources */ = {isa = PBXBuildFile; fileRef = 6A5D8BAB22A1D1A5000C0925 /* SecondViewController.xib */; };
		6A5D8BAF22A1D204000C0925 /* SecondViewController.m in Sources */ = {isa = PBXBuildFile; fileRef = 6A5D8BAE22A1D204000C0925 /* SecondViewController.m */; };
		6A7C86EC22A2E27000C6A666 /* CustomView.m in Sources */ = {isa = PBXBuildFile; fileRef = 6A7C86EB22A2E27000C6A666 /* CustomView.m */; };
/* End PBXBuildFile section */

/* Begin PBXFileReference section */
		6A5D8B9022A1C422000C0925 /* ImageMoving.app */ = {isa = PBXFileReference; explicitFileType = wrapper.application; includeInIndex = 0; path = ImageMoving.app; sourceTree = BUILT_PRODUCTS_DIR; };
		6A5D8B9322A1C422000C0925 /* AppDelegate.h */ = {isa = PBXFileReference; lastKnownFileType = sourcecode.c.h; path = AppDelegate.h; sourceTree = "<group>"; };
		6A5D8B9422A1C422000C0925 /* AppDelegate.m */ = {isa = PBXFileReference; lastKnownFileType = sourcecode.c.objc; path = AppDelegate.m; sourceTree = "<group>"; };
		6A5D8B9622A1C422000C0925 /* ViewController.h */ = {isa = PBXFileReference; lastKnownFileType = sourcecode.c.h; path = ViewController.h; sourceTree = "<group>"; };
		6A5D8B9722A1C422000C0925 /* ViewController.m */ = {isa = PBXFileReference; lastKnownFileType = sourcecode.c.objc; path = ViewController.m; sourceTree = "<group>"; };
		6A5D8B9C22A1C424000C0925 /* Assets.xcassets */ = {isa = PBXFileReference; lastKnownFileType = folder.assetcatalog; path = Assets.xcassets; sourceTree = "<group>"; };
		6A5D8B9F22A1C424000C0925 /* Base */ = {isa = PBXFileReference; lastKnownFileType = file.storyboard; name = Base; path = Base.lproj/LaunchScreen.storyboard; sourceTree = "<group>"; };
		6A5D8BA122A1C424000C0925 /* Info.plist */ = {isa = PBXFileReference; lastKnownFileType = text.plist.xml; path = Info.plist; sourceTree = "<group>"; };
		6A5D8BA222A1C424000C0925 /* main.m */ = {isa = PBXFileReference; lastKnownFileType = sourcecode.c.objc; path = main.m; sourceTree = "<group>"; };
		6A5D8BAB22A1D1A5000C0925 /* SecondViewController.xib */ = {isa = PBXFileReference; lastKnownFileType = file.xib; path = SecondViewController.xib; sourceTree = "<group>"; };
		6A5D8BAD22A1D204000C0925 /* SecondViewController.h */ = {isa = PBXFileReference; lastKnownFileType = sourcecode.c.h; path = SecondViewController.h; sourceTree = "<group>"; };
		6A5D8BAE22A1D204000C0925 /* SecondViewController.m */ = {isa = PBXFileReference; lastKnownFileType = sourcecode.c.objc; path = SecondViewController.m; sourceTree = "<group>"; };
		6A7C86EA22A2E27000C6A666 /* CustomView.h */ = {isa = PBXFileReference; lastKnownFileType = sourcecode.c.h; path = CustomView.h; sourceTree = "<group>"; };
		6A7C86EB22A2E27000C6A666 /* CustomView.m */ = {isa = PBXFileReference; lastKnownFileType = sourcecode.c.objc; path = CustomView.m; sourceTree = "<group>"; };
/* End PBXFileReference section */

/* Begin PBXFrameworksBuildPhase section */
		6A5D8B8D22A1C422000C0925 /* Frameworks */ = {
			isa = PBXFrameworksBuildPhase;
			buildActionMask = 2147483647;
			files = (
			);
			runOnlyForDeploymentPostprocessing = 0;
		};
/* End PBXFrameworksBuildPhase section */

/* Begin PBXGroup section */
		6A5D8B8722A1C422000C0925 = {
			isa = PBXGroup;
			children = (
				6A5D8B9222A1C422000C0925 /* ImageMoving */,
				6A5D8B9122A1C422000C0925 /* Products */,
			);
			sourceTree = "<group>";
		};
		6A5D8B9122A1C422000C0925 /* Products */ = {
			isa = PBXGroup;
			children = (
				6A5D8B9022A1C422000C0925 /* ImageMoving.app */,
			);
			name = Products;
			sourceTree = "<group>";
		};
		6A5D8B9222A1C422000C0925 /* ImageMoving */ = {
			isa = PBXGroup;
			children = (
				6A5D8B9322A1C422000C0925 /* AppDelegate.h */,
				6A5D8BAD22A1D204000C0925 /* SecondViewController.h */,
				6A5D8BAE22A1D204000C0925 /* SecondViewController.m */,
				6A5D8B9422A1C422000C0925 /* AppDelegate.m */,
				6A5D8BAB22A1D1A5000C0925 /* SecondViewController.xib */,
				6A5D8B9622A1C422000C0925 /* ViewController.h */,
				6A5D8B9722A1C422000C0925 /* ViewController.m */,
				6A5D8B9C22A1C424000C0925 /* Assets.xcassets */,
				6A5D8B9E22A1C424000C0925 /* LaunchScreen.storyboard */,
				6A5D8BA122A1C424000C0925 /* Info.plist */,
				6A5D8BA222A1C424000C0925 /* main.m */,
				6A7C86EA22A2E27000C6A666 /* CustomView.h */,
				6A7C86EB22A2E27000C6A666 /* CustomView.m */,
			);
			path = ImageMoving;
			sourceTree = "<group>";
		};
/* End PBXGroup section */

/* Begin PBXNativeTarget section */
		6A5D8B8F22A1C422000C0925 /* ImageMoving */ = {
			isa = PBXNativeTarget;
			buildConfigurationList = 6A5D8BA622A1C424000C0925 /* Build configuration list for PBXNativeTarget "ImageMoving" */;
			buildPhases = (
				6A5D8B8C22A1C422000C0925 /* Sources */,
				6A5D8B8D22A1C422000C0925 /* Frameworks */,
				6A5D8B8E22A1C422000C0925 /* Resources */,
			);
			buildRules = (
			);
			dependencies = (
			);
			name = ImageMoving;
			productName = ImageMoving;
			productReference = 6A5D8B9022A1C422000C0925 /* ImageMoving.app */;
			productType = "com.apple.product-type.application";
		};
/* End PBXNativeTarget section */

/* Begin PBXProject section */
		6A5D8B8822A1C422000C0925 /* Project object */ = {
			isa = PBXProject;
			attributes = {
				LastUpgradeCheck = 1020;
				ORGANIZATIONNAME = None;
				TargetAttributes = {
					6A5D8B8F22A1C422000C0925 = {
						CreatedOnToolsVersion = 10.2.1;
					};
				};
			};
			buildConfigurationList = 6A5D8B8B22A1C422000C0925 /* Build configuration list for PBXProject "ImageMoving" */;
			compatibilityVersion = "Xcode 9.3";
			developmentRegion = en;
			hasScannedForEncodings = 0;
			knownRegions = (
				en,
				Base,
			);
			mainGroup = 6A5D8B8722A1C422000C0925;
			productRefGroup = 6A5D8B9122A1C422000C0925 /* Products */;
			projectDirPath = "";
			projectRoot = "";
			targets = (
				6A5D8B8F22A1C422000C0925 /* ImageMoving */,
			);
		};
/* End PBXProject section */

/* Begin PBXResourcesBuildPhase section */
		6A5D8B8E22A1C422000C0925 /* Resources */ = {
			isa = PBXResourcesBuildPhase;
			buildActionMask = 2147483647;
			files = (
				6A5D8BA022A1C424000C0925 /* LaunchScreen.storyboard in Resources */,
				6A5D8B9D22A1C424000C0925 /* Assets.xcassets in Resources */,
				6A5D8BAC22A1D1A5000C0925 /* SecondViewController.xib in Resources */,
			);
			runOnlyForDeploymentPostprocessing = 0;
		};
/* End PBXResourcesBuildPhase section */

/* Begin PBXSourcesBuildPhase section */
		6A5D8B8C22A1C422000C0925 /* Sources */ = {
			isa = PBXSourcesBuildPhase;
			buildActionMask = 2147483647;
			files = (
				6A7C86EC22A2E27000C6A666 /* CustomView.m in Sources */,
				6A5D8BAF22A1D204000C0925 /* SecondViewController.m in Sources */,
				6A5D8B9822A1C422000C0925 /* ViewController.m in Sources */,
				6A5D8BA322A1C424000C0925 /* main.m in Sources */,
				6A5D8B9522A1C422000C0925 /* AppDelegate.m in Sources */,
			);
			runOnlyForDeploymentPostprocessing = 0;
		};
/* End PBXSourcesBuildPhase section */

/* Begin PBXVariantGroup section */
		6A5D8B9E22A1C424000C0925 /* LaunchScreen.storyboard */ = {
			isa = PBXVariantGroup;
			children = (
				6A5D8B9F22A1C424000C0925 /* Base */,
			);
			name = LaunchScreen.storyboard;
			sourceTree = "<group>";
		};
/* End PBXVariantGroup section */

/* Begin XCBuildConfiguration section */
		6A5D8BA422A1C424000C0925 /* Debug */ = {
			isa = XCBuildConfiguration;
			buildSettings = {
				ALWAYS_SEARCH_USER_PATHS = NO;
				CLANG_ANALYZER_NONNULL = YES;
				CLANG_ANALYZER_NUMBER_OBJECT_CONVERSION = YES_AGGRESSIVE;
				CLANG_CXX_LANGUAGE_STANDARD = "gnu++14";
				CLANG_CXX_LIBRARY = "libc++";
				CLANG_ENABLE_MODULES = YES;
				CLANG_ENABLE_OBJC_ARC = YES;
				CLANG_ENABLE_OBJC_WEAK = YES;
				CLANG_WARN_BLOCK_CAPTURE_AUTORELEASING = YES;
				CLANG_WARN_BOOL_CONVERSION = YES;
				CLANG_WARN_COMMA = YES;
				CLANG_WARN_CONSTANT_CONVERSION = YES;
				CLANG_WARN_DEPRECATED_OBJC_IMPLEMENTATIONS = YES;
				CLANG_WARN_DIRECT_OBJC_ISA_USAGE = YES_ERROR;
				CLANG_WARN_DOCUMENTATION_COMMENTS = YES;
				CLANG_WARN_EMPTY_BODY = YES;
				CLANG_WARN_ENUM_CONVERSION = YES;
				CLANG_WARN_INFINITE_RECURSION = YES;
				CLANG_WARN_INT_CONVERSION = YES;
				CLANG_WARN_NON_LITERAL_NULL_CONVERSION = YES;
				CLANG_WARN_OBJC_IMPLICIT_RETAIN_SELF = YES;
				CLANG_WARN_OBJC_LITERAL_CONVERSION = YES;
				CLANG_WARN_OBJC_ROOT_CLASS = YES_ERROR;
				CLANG_WARN_RANGE_LOOP_ANALYSIS = YES;
				CLANG_WARN_STRICT_PROTOTYPES = YES;
				CLANG_WARN_SUSPICIOUS_MOVE = YES;
				CLANG_WARN_UNGUARDED_AVAILABILITY = YES_AGGRESSIVE;
				CLANG_WARN_UNREACHABLE_CODE = YES;
				CLANG_WARN__DUPLICATE_METHOD_MATCH = YES;
				CODE_SIGN_IDENTITY = "iPhone Developer";
				COPY_PHASE_STRIP = NO;
				DEBUG_INFORMATION_FORMAT = dwarf;
				ENABLE_STRICT_OBJC_MSGSEND = YES;
				ENABLE_TESTABILITY = YES;
				GCC_C_LANGUAGE_STANDARD = gnu11;
				GCC_DYNAMIC_NO_PIC = NO;
				GCC_NO_COMMON_BLOCKS = YES;
				GCC_OPTIMIZATION_LEVEL = 0;
				GCC_PREPROCESSOR_DEFINITIONS = (
					"DEBUG=1",
					"$(inherited)",
				);
				GCC_WARN_64_TO_32_BIT_CONVERSION = YES;
				GCC_WARN_ABOUT_RETURN_TYPE = YES_ERROR;
				GCC_WARN_UNDECLARED_SELECTOR = YES;
				GCC_WARN_UNINITIALIZED_AUTOS = YES_AGGRESSIVE;
				GCC_WARN_UNUSED_FUNCTION = YES;
				GCC_WARN_UNUSED_VARIABLE = YES;
				IPHONEOS_DEPLOYMENT_TARGET = 12.2;
				MTL_ENABLE_DEBUG_INFO = INCLUDE_SOURCE;
				MTL_FAST_MATH = YES;
				ONLY_ACTIVE_ARCH = YES;
				SDKROOT = iphoneos;
			};
			name = Debug;
		};
		6A5D8BA522A1C424000C0925 /* Release */ = {
			isa = XCBuildConfiguration;
			buildSettings = {
				ALWAYS_SEARCH_USER_PATHS = NO;
				CLANG_ANALYZER_NONNULL = YES;
				CLANG_ANALYZER_NUMBER_OBJECT_CONVERSION = YES_AGGRESSIVE;
				CLANG_CXX_LANGUAGE_STANDARD = "gnu++14";
				CLANG_CXX_LIBRARY = "libc++";
				CLANG_ENABLE_MODULES = YES;
				CLANG_ENABLE_OBJC_ARC = YES;
				CLANG_ENABLE_OBJC_WEAK = YES;
				CLANG_WARN_BLOCK_CAPTURE_AUTORELEASING = YES;
				CLANG_WARN_BOOL_CONVERSION = YES;
				CLANG_WARN_COMMA = YES;
				CLANG_WARN_CONSTANT_CONVERSION = YES;
				CLANG_WARN_DEPRECATED_OBJC_IMPLEMENTATIONS = YES;
				CLANG_WARN_DIRECT_OBJC_ISA_USAGE = YES_ERROR;
				CLANG_WARN_DOCUMENTATION_COMMENTS = YES;
				CLANG_WARN_EMPTY_BODY = YES;
				CLANG_WARN_ENUM_CONVERSION = YES;
				CLANG_WARN_INFINITE_RECURSION = YES;
				CLANG_WARN_INT_CONVERSION = YES;
				CLANG_WARN_NON_LITERAL_NULL_CONVERSION = YES;
				CLANG_WARN_OBJC_IMPLICIT_RETAIN_SELF = YES;
				CLANG_WARN_OBJC_LITERAL_CONVERSION = YES;
				CLANG_WARN_OBJC_ROOT_CLASS = YES_ERROR;
				CLANG_WARN_RANGE_LOOP_ANALYSIS = YES;
				CLANG_WARN_STRICT_PROTOTYPES = YES;
				CLANG_WARN_SUSPICIOUS_MOVE = YES;
				CLANG_WARN_UNGUARDED_AVAILABILITY = YES_AGGRESSIVE;
				CLANG_WARN_UNREACHABLE_CODE = YES;
				CLANG_WARN__DUPLICATE_METHOD_MATCH = YES;
				CODE_SIGN_IDENTITY = "iPhone Developer";
				COPY_PHASE_STRIP = NO;
				DEBUG_INFORMATION_FORMAT = "dwarf-with-dsym";
				ENABLE_NS_ASSERTIONS = NO;
				ENABLE_STRICT_OBJC_MSGSEND = YES;
				GCC_C_LANGUAGE_STANDARD = gnu11;
				GCC_NO_COMMON_BLOCKS = YES;
				GCC_WARN_64_TO_32_BIT_CONVERSION = YES;
				GCC_WARN_ABOUT_RETURN_TYPE = YES_ERROR;
				GCC_WARN_UNDECLARED_SELECTOR = YES;
				GCC_WARN_UNINITIALIZED_AUTOS = YES_AGGRESSIVE;
				GCC_WARN_UNUSED_FUNCTION = YES;
				GCC_WARN_UNUSED_VARIABLE = YES;
				IPHONEOS_DEPLOYMENT_TARGET = 12.2;
				MTL_ENABLE_DEBUG_INFO = NO;
				MTL_FAST_MATH = YES;
				SDKROOT = iphoneos;
				VALIDATE_PRODUCT = YES;
			};
			name = Release;
		};
		6A5D8BA722A1C424000C0925 /* Debug */ = {
			isa = XCBuildConfiguration;
			buildSettings = {
				ASSETCATALOG_COMPILER_APPICON_NAME = AppIcon;
				CODE_SIGN_STYLE = Automatic;
				DEVELOPMENT_TEAM = BL2QCUUKYP;
				INFOPLIST_FILE = ImageMoving/Info.plist;
				LD_RUNPATH_SEARCH_PATHS = (
					"$(inherited)",
					"@executable_path/Frameworks",
				);
				PRODUCT_BUNDLE_IDENTIFIER = com.example.ImageMoving;
				PRODUCT_NAME = "$(TARGET_NAME)";
				TARGETED_DEVICE_FAMILY = "1,2";
			};
			name = Debug;
		};
		6A5D8BA822A1C424000C0925 /* Release */ = {
			isa = XCBuildConfiguration;
			buildSettings = {
				ASSETCATALOG_COMPILER_APPICON_NAME = AppIcon;
				CODE_SIGN_STYLE = Automatic;
				DEVELOPMENT_TEAM = BL2QCUUKYP;
				INFOPLIST_FILE = ImageMoving/Info.plist;
				LD_RUNPATH_SEARCH_PATHS = (
					"$(inherited)",
					"@executable_path/Frameworks",
				);
				PRODUCT_BUNDLE_IDENTIFIER = com.example.ImageMoving;
				PRODUCT_NAME = "$(TARGET_NAME)";
				TARGETED_DEVICE_FAMILY = "1,2";
			};
			name = Release;
		};
/* End XCBuildConfiguration section */

/* Begin XCConfigurationList section */
		6A5D8B8B22A1C422000C0925 /* Build configuration list for PBXProject "ImageMoving" */ = {
			isa = XCConfigurationList;
			buildConfigurations = (
				6A5D8BA422A1C424000C0925 /* Debug */,
				6A5D8BA522A1C424000C0925 /* Release */,
			);
			defaultConfigurationIsVisible = 0;
			defaultConfigurationName = Release;
		};
		6A5D8BA622A1C424000C0925 /* Build configuration list for PBXNativeTarget "ImageMoving" */ = {
			isa = XCConfigurationList;
			buildConfigurations = (
				6A5D8BA722A1C424000C0925 /* Debug */,
				6A5D8BA822A1C424000C0925 /* Release */,
			);
			defaultConfigurationIsVisible = 0;
			defaultConfigurationName = Release;
		};
/* End XCConfigurationList section */
	};
	rootObject = 6A5D8B8822A1C422000C0925 /* Project object */;
}
